
Microsoft Visual Studio Solution File, Format Version 12.00
# Visual Studio Version 16
VisualStudioVersion = 16.0.31105.61
MinimumVisualStudioVersion = 10.0.40219.1
Project("{FAE04EC0-301F-11D3-BF4B-00C04F79EFBC}") = "API", "src\API\API.csproj", "{38616F64-F9EC-4EDF-BE41-1351CA3224D5}"
EndProject
Global
	GlobalSection(SolutionConfigurationPlatforms) = preSolution
		Debug|Any CPU = Debug|Any CPU
		Release|Any CPU = Release|Any CPU
	EndGlobalSection
	GlobalSection(ProjectConfigurationPlatforms) = postSolution
		{38616F64-F9EC-4EDF-BE41-1351CA3224D5}.Debug|Any CPU.ActiveCfg = Debug|Any CPU
		{38616F64-F9EC-4EDF-BE41-1351CA3224D5}.Debug|Any CPU.Build.0 = Debug|Any CPU
		{38616F64-F9EC-4EDF-BE41-1351CA3224D5}.Release|Any CPU.ActiveCfg = Release|Any CPU
		{38616F64-F9EC-4EDF-BE41-1351CA3224D5}.Release|Any CPU.Build.0 = Release|Any CPU
	EndGlobalSection
	GlobalSection(SolutionProperties) = preSolution
		HideSolutionNode = FALSE
	EndGlobalSection
	GlobalSection(ExtensibilityGlobals) = postSolution
		SolutionGuid = {C5833F03-B453-4AA2-8448-21814EB78320}
	EndGlobalSection
EndGlobal
